// !$*UTF8*$!
{
	archiveVersion = 1;
	classes = {
	};
	objectVersion = 46;
	objects = {

/* Begin PBXBuildFile section */
		18388E151CEA778D003BDFB2 /* AppDelegate.swift in Sources */ = {isa = PBXBuildFile; fileRef = 18388E141CEA778D003BDFB2 /* AppDelegate.swift */; };
		18388E171CEA778D003BDFB2 /* ViewController.swift in Sources */ = {isa = PBXBuildFile; fileRef = 18388E161CEA778D003BDFB2 /* ViewController.swift */; };
		18388E1A1CEA778D003BDFB2 /* Main.storyboard in Resources */ = {isa = PBXBuildFile; fileRef = 18388E181CEA778D003BDFB2 /* Main.storyboard */; };
		18388E1D1CEA778D003BDFB2 /* episode8.xcdatamodeld in Sources */ = {isa = PBXBuildFile; fileRef = 18388E1B1CEA778D003BDFB2 /* episode8.xcdatamodeld */; };
		18388E1F1CEA778E003BDFB2 /* Assets.xcassets in Resources */ = {isa = PBXBuildFile; fileRef = 18388E1E1CEA778E003BDFB2 /* Assets.xcassets */; };
		18388E221CEA778E003BDFB2 /* LaunchScreen.storyboard in Resources */ = {isa = PBXBuildFile; fileRef = 18388E201CEA778E003BDFB2 /* LaunchScreen.storyboard */; };
		18388E2D1CEA778E003BDFB2 /* episode8Tests.swift in Sources */ = {isa = PBXBuildFile; fileRef = 18388E2C1CEA778E003BDFB2 /* episode8Tests.swift */; };
		18388E381CEA778E003BDFB2 /* episode8UITests.swift in Sources */ = {isa = PBXBuildFile; fileRef = 18388E371CEA778E003BDFB2 /* episode8UITests.swift */; };
/* End PBXBuildFile section */

/* Begin PBXContainerItemProxy section */
		18388E291CEA778E003BDFB2 /* PBXContainerItemProxy */ = {
			isa = PBXContainerItemProxy;
			containerPortal = 18388E091CEA778D003BDFB2 /* Project object */;
			proxyType = 1;
			remoteGlobalIDString = 18388E101CEA778D003BDFB2;
			remoteInfo = episode8;
		};
		18388E341CEA778E003BDFB2 /* PBXContainerItemProxy */ = {
			isa = PBXContainerItemProxy;
			containerPortal = 18388E091CEA778D003BDFB2 /* Project object */;
			proxyType = 1;
			remoteGlobalIDString = 18388E101CEA778D003BDFB2;
			remoteInfo = episode8;
		};
/* End PBXContainerItemProxy section */

/* Begin PBXFileReference section */
		18388E111CEA778D003BDFB2 /* episode8.app */ = {isa = PBXFileReference; explicitFileType = wrapper.application; includeInIndex = 0; path = episode8.app; sourceTree = BUILT_PRODUCTS_DIR; };
		18388E141CEA778D003BDFB2 /* AppDelegate.swift */ = {isa = PBXFileReference; lastKnownFileType = sourcecode.swift; path = AppDelegate.swift; sourceTree = "<group>"; };
		18388E161CEA778D003BDFB2 /* ViewController.swift */ = {isa = PBXFileReference; lastKnownFileType = sourcecode.swift; path = ViewController.swift; sourceTree = "<group>"; };
		18388E191CEA778D003BDFB2 /* Base */ = {isa = PBXFileReference; lastKnownFileType = file.storyboard; name = Base; path = Base.lproj/Main.storyboard; sourceTree = "<group>"; };
		18388E1C1CEA778D003BDFB2 /* episode8.xcdatamodel */ = {isa = PBXFileReference; lastKnownFileType = wrapper.xcdatamodel; path = episode8.xcdatamodel; sourceTree = "<group>"; };
		18388E1E1CEA778E003BDFB2 /* Assets.xcassets */ = {isa = PBXFileReference; lastKnownFileType = folder.assetcatalog; path = Assets.xcassets; sourceTree = "<group>"; };
		18388E211CEA778E003BDFB2 /* Base */ = {isa = PBXFileReference; lastKnownFileType = file.storyboard; name = Base; path = Base.lproj/LaunchScreen.storyboard; sourceTree = "<group>"; };
		18388E231CEA778E003BDFB2 /* Info.plist */ = {isa = PBXFileReference; lastKnownFileType = text.plist.xml; path = Info.plist; sourceTree = "<group>"; };
		18388E281CEA778E003BDFB2 /* episode8Tests.xctest */ = {isa = PBXFileReference; explicitFileType = wrapper.cfbundle; includeInIndex = 0; path = episode8Tests.xctest; sourceTree = BUILT_PRODUCTS_DIR; };
		18388E2C1CEA778E003BDFB2 /* episode8Tests.swift */ = {isa = PBXFileReference; lastKnownFileType = sourcecode.swift; path = episode8Tests.swift; sourceTree = "<group>"; };
		18388E2E1CEA778E003BDFB2 /* Info.plist */ = {isa = PBXFileReference; lastKnownFileType = text.plist.xml; path = Info.plist; sourceTree = "<group>"; };
		18388E331CEA778E003BDFB2 /* episode8UITests.xctest */ = {isa = PBXFileReference; explicitFileType = wrapper.cfbundle; includeInIndex = 0; path = episode8UITests.xctest; sourceTree = BUILT_PRODUCTS_DIR; };
		18388E371CEA778E003BDFB2 /* episode8UITests.swift */ = {isa = PBXFileReference; lastKnownFileType = sourcecode.swift; path = episode8UITests.swift; sourceTree = "<group>"; };
		18388E391CEA778E003BDFB2 /* Info.plist */ = {isa = PBXFileReference; lastKnownFileType = text.plist.xml; path = Info.plist; sourceTree = "<group>"; };
/* End PBXFileReference section */

/* Begin PBXFrameworksBuildPhase section */
		18388E0E1CEA778D003BDFB2 /* Frameworks */ = {
			isa = PBXFrameworksBuildPhase;
			buildActionMask = 2147483647;
			files = (
			);
			runOnlyForDeploymentPostprocessing = 0;
		};
		18388E251CEA778E003BDFB2 /* Frameworks */ = {
			isa = PBXFrameworksBuildPhase;
			buildActionMask = 2147483647;
			files = (
			);
			runOnlyForDeploymentPostprocessing = 0;
		};
		18388E301CEA778E003BDFB2 /* Frameworks */ = {
			isa = PBXFrameworksBuildPhase;
			buildActionMask = 2147483647;
			files = (
			);
			runOnlyForDeploymentPostprocessing = 0;
		};
/* End PBXFrameworksBuildPhase section */

/* Begin PBXGroup section */
		18388E081CEA778D003BDFB2 = {
			isa = PBXGroup;
			children = (
				18388E131CEA778D003BDFB2 /* episode8 */,
				18388E2B1CEA778E003BDFB2 /* episode8Tests */,
				18388E361CEA778E003BDFB2 /* episode8UITests */,
				18388E121CEA778D003BDFB2 /* Products */,
			);
			sourceTree = "<group>";
		};
		18388E121CEA778D003BDFB2 /* Products */ = {
			isa = PBXGroup;
			children = (
				18388E111CEA778D003BDFB2 /* episode8.app */,
				18388E281CEA778E003BDFB2 /* episode8Tests.xctest */,
				18388E331CEA778E003BDFB2 /* episode8UITests.xctest */,
			);
			name = Products;
			sourceTree = "<group>";
		};
		18388E131CEA778D003BDFB2 /* episode8 */ = {
			isa = PBXGroup;
			children = (
				18388E141CEA778D003BDFB2 /* AppDelegate.swift */,
				18388E161CEA778D003BDFB2 /* ViewController.swift */,
				18388E181CEA778D003BDFB2 /* Main.storyboard */,
				18388E1E1CEA778E003BDFB2 /* Assets.xcassets */,
				18388E201CEA778E003BDFB2 /* LaunchScreen.storyboard */,
				18388E231CEA778E003BDFB2 /* Info.plist */,
				18388E1B1CEA778D003BDFB2 /* episode8.xcdatamodeld */,
			);
			path = episode8;
			sourceTree = "<group>";
		};
		18388E2B1CEA778E003BDFB2 /* episode8Tests */ = {
			isa = PBXGroup;
			children = (
				18388E2C1CEA778E003BDFB2 /* episode8Tests.swift */,
				18388E2E1CEA778E003BDFB2 /* Info.plist */,
			);
			path = episode8Tests;
			sourceTree = "<group>";
		};
		18388E361CEA778E003BDFB2 /* episode8UITests */ = {
			isa = PBXGroup;
			children = (
				18388E371CEA778E003BDFB2 /* episode8UITests.swift */,
				18388E391CEA778E003BDFB2 /* Info.plist */,
			);
			path = episode8UITests;
			sourceTree = "<group>";
		};
/* End PBXGroup section */

/* Begin PBXNativeTarget section */
		18388E101CEA778D003BDFB2 /* episode8 */ = {
			isa = PBXNativeTarget;
			buildConfigurationList = 18388E3C1CEA778E003BDFB2 /* Build configuration list for PBXNativeTarget "episode8" */;
			buildPhases = (
				18388E0D1CEA778D003BDFB2 /* Sources */,
				18388E0E1CEA778D003BDFB2 /* Frameworks */,
				18388E0F1CEA778D003BDFB2 /* Resources */,
			);
			buildRules = (
			);
			dependencies = (
			);
			name = episode8;
			productName = episode8;
			productReference = 18388E111CEA778D003BDFB2 /* episode8.app */;
			productType = "com.apple.product-type.application";
		};
		18388E271CEA778E003BDFB2 /* episode8Tests */ = {
			isa = PBXNativeTarget;
			buildConfigurationList = 18388E3F1CEA778E003BDFB2 /* Build configuration list for PBXNativeTarget "episode8Tests" */;
			buildPhases = (
				18388E241CEA778E003BDFB2 /* Sources */,
				18388E251CEA778E003BDFB2 /* Frameworks */,
				18388E261CEA778E003BDFB2 /* Resources */,
			);
			buildRules = (
			);
			dependencies = (
				18388E2A1CEA778E003BDFB2 /* PBXTargetDependency */,
			);
			name = episode8Tests;
			productName = episode8Tests;
			productReference = 18388E281CEA778E003BDFB2 /* episode8Tests.xctest */;
			productType = "com.apple.product-type.bundle.unit-test";
		};
		18388E321CEA778E003BDFB2 /* episode8UITests */ = {
			isa = PBXNativeTarget;
			buildConfigurationList = 18388E421CEA778E003BDFB2 /* Build configuration list for PBXNativeTarget "episode8UITests" */;
			buildPhases = (
				18388E2F1CEA778E003BDFB2 /* Sources */,
				18388E301CEA778E003BDFB2 /* Frameworks */,
				18388E311CEA778E003BDFB2 /* Resources */,
			);
			buildRules = (
			);
			dependencies = (
				18388E351CEA778E003BDFB2 /* PBXTargetDependency */,
			);
			name = episode8UITests;
			productName = episode8UITests;
			productReference = 18388E331CEA778E003BDFB2 /* episode8UITests.xctest */;
			productType = "com.apple.product-type.bundle.ui-testing";
		};
/* End PBXNativeTarget section */

/* Begin PBXProject section */
		18388E091CEA778D003BDFB2 /* Project object */ = {
			isa = PBXProject;
			attributes = {
				LastSwiftUpdateCheck = 0730;
				LastUpgradeCheck = 0730;
				ORGANIZATIONNAME = apple;
				TargetAttributes = {
					18388E101CEA778D003BDFB2 = {
						CreatedOnToolsVersion = 7.3;
					};
					18388E271CEA778E003BDFB2 = {
						CreatedOnToolsVersion = 7.3;
						TestTargetID = 18388E101CEA778D003BDFB2;
					};
					18388E321CEA778E003BDFB2 = {
						CreatedOnToolsVersion = 7.3;
						TestTargetID = 18388E101CEA778D003BDFB2;
					};
				};
			};
			buildConfigurationList = 18388E0C1CEA778D003BDFB2 /* Build configuration list for PBXProject "episode8" */;
			compatibilityVersion = "Xcode 3.2";
			developmentRegion = English;
			hasScannedForEncodings = 0;
			knownRegions = (
				en,
				Base,
			);
			mainGroup = 18388E081CEA778D003BDFB2;
			productRefGroup = 18388E121CEA778D003BDFB2 /* Products */;
			projectDirPath = "";
			projectRoot = "";
			targets = (
				18388E101CEA778D003BDFB2 /* episode8 */,
				18388E271CEA778E003BDFB2 /* episode8Tests */,
				18388E321CEA778E003BDFB2 /* episode8UITests */,
			);
		};
/* End PBXProject section */

/* Begin PBXResourcesBuildPhase section */
		18388E0F1CEA778D003BDFB2 /* Resources */ = {
			isa = PBXResourcesBuildPhase;
			buildActionMask = 2147483647;
			files = (
				18388E221CEA778E003BDFB2 /* LaunchScreen.storyboard in Resources */,
				18388E1F1CEA778E003BDFB2 /* Assets.xcassets in Resources */,
				18388E1A1CEA778D003BDFB2 /* Main.storyboard in Resources */,
			);
			runOnlyForDeploymentPostprocessing = 0;
		};
		18388E261CEA778E003BDFB2 /* Resources */ = {
			isa = PBXResourcesBuildPhase;
			buildActionMask = 2147483647;
			files = (
			);
			runOnlyForDeploymentPostprocessing = 0;
		};
		18388E311CEA778E003BDFB2 /* Resources */ = {
			isa = PBXResourcesBuildPhase;
			buildActionMask = 2147483647;
			files = (
			);
			runOnlyForDeploymentPostprocessing = 0;
		};
/* End PBXResourcesBuildPhase section */

/* Begin PBXSourcesBuildPhase section */
		18388E0D1CEA778D003BDFB2 /* Sources */ = {
			isa = PBXSourcesBuildPhase;
			buildActionMask = 2147483647;
			files = (
				18388E171CEA778D003BDFB2 /* ViewController.swift in Sources */,
				18388E151CEA778D003BDFB2 /* AppDelegate.swift in Sources */,
				18388E1D1CEA778D003BDFB2 /* episode8.xcdatamodeld in Sources */,
			);
			runOnlyForDeploymentPostprocessing = 0;
		};
		18388E241CEA778E003BDFB2 /* Sources */ = {
			isa = PBXSourcesBuildPhase;
			buildActionMask = 2147483647;
			files = (
				18388E2D1CEA778E003BDFB2 /* episode8Tests.swift in Sources */,
			);
			runOnlyForDeploymentPostprocessing = 0;
		};
		18388E2F1CEA778E003BDFB2 /* Sources */ = {
			isa = PBXSourcesBuildPhase;
			buildActionMask = 2147483647;
			files = (
				18388E381CEA778E003BDFB2 /* episode8UITests.swift in Sources */,
			);
			runOnlyForDeploymentPostprocessing = 0;
		};
/* End PBXSourcesBuildPhase section */

/* Begin PBXTargetDependency section */
		18388E2A1CEA778E003BDFB2 /* PBXTargetDependency */ = {
			isa = PBXTargetDependency;
			target = 18388E101CEA778D003BDFB2 /* episode8 */;
			targetProxy = 18388E291CEA778E003BDFB2 /* PBXContainerItemProxy */;
		};
		18388E351CEA778E003BDFB2 /* PBXTargetDependency */ = {
			isa = PBXTargetDependency;
			target = 18388E101CEA778D003BDFB2 /* episode8 */;
			targetProxy = 18388E341CEA778E003BDFB2 /* PBXContainerItemProxy */;
		};
/* End PBXTargetDependency section */

/* Begin PBXVariantGroup section */
		18388E181CEA778D003BDFB2 /* Main.storyboard */ = {
			isa = PBXVariantGroup;
			children = (
				18388E191CEA778D003BDFB2 /* Base */,
			);
			name = Main.storyboard;
			sourceTree = "<group>";
		};
		18388E201CEA778E003BDFB2 /* LaunchScreen.storyboard */ = {
			isa = PBXVariantGroup;
			children = (
				18388E211CEA778E003BDFB2 /* Base */,
			);
			name = LaunchScreen.storyboard;
			sourceTree = "<group>";
		};
/* End PBXVariantGroup section */

/* Begin XCBuildConfiguration section */
		18388E3A1CEA778E003BDFB2 /* Debug */ = {
			isa = XCBuildConfiguration;
			buildSettings = {
				ALWAYS_SEARCH_USER_PATHS = NO;
				CLANG_ANALYZER_NONNULL = YES;
				CLANG_CXX_LANGUAGE_STANDARD = "gnu++0x";
				CLANG_CXX_LIBRARY = "libc++";
				CLANG_ENABLE_MODULES = YES;
				CLANG_ENABLE_OBJC_ARC = YES;
				CLANG_WARN_BOOL_CONVERSION = YES;
				CLANG_WARN_CONSTANT_CONVERSION = YES;
				CLANG_WARN_DIRECT_OBJC_ISA_USAGE = YES_ERROR;
				CLANG_WARN_EMPTY_BODY = YES;
				CLANG_WARN_ENUM_CONVERSION = YES;
				CLANG_WARN_INT_CONVERSION = YES;
				CLANG_WARN_OBJC_ROOT_CLASS = YES_ERROR;
				CLANG_WARN_UNREACHABLE_CODE = YES;
				CLANG_WARN__DUPLICATE_METHOD_MATCH = YES;
				"CODE_SIGN_IDENTITY[sdk=iphoneos*]" = "iPhone Developer";
				COPY_PHASE_STRIP = NO;
				DEBUG_INFORMATION_FORMAT = dwarf;
				ENABLE_STRICT_OBJC_MSGSEND = YES;
				ENABLE_TESTABILITY = YES;
				GCC_C_LANGUAGE_STANDARD = gnu99;
				GCC_DYNAMIC_NO_PIC = NO;
				GCC_NO_COMMON_BLOCKS = YES;
				GCC_OPTIMIZATION_LEVEL = 0;
				GCC_PREPROCESSOR_DEFINITIONS = (
					"DEBUG=1",
					"$(inherited)",
				);
				GCC_WARN_64_TO_32_BIT_CONVERSION = YES;
				GCC_WARN_ABOUT_RETURN_TYPE = YES_ERROR;
				GCC_WARN_UNDECLARED_SELECTOR = YES;
				GCC_WARN_UNINITIALIZED_AUTOS = YES_AGGRESSIVE;
				GCC_WARN_UNUSED_FUNCTION = YES;
				GCC_WARN_UNUSED_VARIABLE = YES;
				IPHONEOS_DEPLOYMENT_TARGET = 9.3;
				MTL_ENABLE_DEBUG_INFO = YES;
				ONLY_ACTIVE_ARCH = YES;
				SDKROOT = iphoneos;
				SWIFT_OPTIMIZATION_LEVEL = "-Onone";
				TARGETED_DEVICE_FAMILY = "1,2";
			};
			name = Debug;
		};
		18388E3B1CEA778E003BDFB2 /* Release */ = {
			isa = XCBuildConfiguration;
			buildSettings = {
				ALWAYS_SEARCH_USER_PATHS = NO;
				CLANG_ANALYZER_NONNULL = YES;
				CLANG_CXX_LANGUAGE_STANDARD = "gnu++0x";
				CLANG_CXX_LIBRARY = "libc++";
				CLANG_ENABLE_MODULES = YES;
				CLANG_ENABLE_OBJC_ARC = YES;
				CLANG_WARN_BOOL_CONVERSION = YES;
				CLANG_WARN_CONSTANT_CONVERSION = YES;
				CLANG_WARN_DIRECT_OBJC_ISA_USAGE = YES_ERROR;
				CLANG_WARN_EMPTY_BODY = YES;
				CLANG_WARN_ENUM_CONVERSION = YES;
				CLANG_WARN_INT_CONVERSION = YES;
				CLANG_WARN_OBJC_ROOT_CLASS = YES_ERROR;
				CLANG_WARN_UNREACHABLE_CODE = YES;
				CLANG_WARN__DUPLICATE_METHOD_MATCH = YES;
				"CODE_SIGN_IDENTITY[sdk=iphoneos*]" = "iPhone Developer";
				COPY_PHASE_STRIP = NO;
				DEBUG_INFORMATION_FORMAT = "dwarf-with-dsym";
				ENABLE_NS_ASSERTIONS = NO;
				ENABLE_STRICT_OBJC_MSGSEND = YES;
				GCC_C_LANGUAGE_STANDARD = gnu99;
				GCC_NO_COMMON_BLOCKS = YES;
				GCC_WARN_64_TO_32_BIT_CONVERSION = YES;
				GCC_WARN_ABOUT_RETURN_TYPE = YES_ERROR;
				GCC_WARN_UNDECLARED_SELECTOR = YES;
				GCC_WARN_UNINITIALIZED_AUTOS = YES_AGGRESSIVE;
				GCC_WARN_UNUSED_FUNCTION = YES;
				GCC_WARN_UNUSED_VARIABLE = YES;
				IPHONEOS_DEPLOYMENT_TARGET = 9.3;
				MTL_ENABLE_DEBUG_INFO = NO;
				SDKROOT = iphoneos;
				TARGETED_DEVICE_FAMILY = "1,2";
				VALIDATE_PRODUCT = YES;
			};
			name = Release;
		};
		18388E3D1CEA778E003BDFB2 /* Debug */ = {
			isa = XCBuildConfiguration;
			buildSettings = {
				ASSETCATALOG_COMPILER_APPICON_NAME = AppIcon;
				INFOPLIST_FILE = episode8/Info.plist;
				LD_RUNPATH_SEARCH_PATHS = "$(inherited) @executable_path/Frameworks";
				PRODUCT_BUNDLE_IDENTIFIER = sample.episode8;
				PRODUCT_NAME = "$(TARGET_NAME)";
			};
			name = Debug;
		};
		18388E3E1CEA778E003BDFB2 /* Release */ = {
			isa = XCBuildConfiguration;
			buildSettings = {
				ASSETCATALOG_COMPILER_APPICON_NAME = AppIcon;
				INFOPLIST_FILE = episode8/Info.plist;
				LD_RUNPATH_SEARCH_PATHS = "$(inherited) @executable_path/Frameworks";
				PRODUCT_BUNDLE_IDENTIFIER = sample.episode8;
				PRODUCT_NAME = "$(TARGET_NAME)";
			};
			name = Release;
		};
		18388E401CEA778E003BDFB2 /* Debug */ = {
			isa = XCBuildConfiguration;
			buildSettings = {
				BUNDLE_LOADER = "$(TEST_HOST)";
				INFOPLIST_FILE = episode8Tests/Info.plist;
				LD_RUNPATH_SEARCH_PATHS = "$(inherited) @executable_path/Frameworks @loader_path/Frameworks";
				PRODUCT_BUNDLE_IDENTIFIER = sample.episode8Tests;
				PRODUCT_NAME = "$(TARGET_NAME)";
				TEST_HOST = "$(BUILT_PRODUCTS_DIR)/episode8.app/episode8";
			};
			name = Debug;
		};
		18388E411CEA778E003BDFB2 /* Release */ = {
			isa = XCBuildConfiguration;
			buildSettings = {
				BUNDLE_LOADER = "$(TEST_HOST)";
				INFOPLIST_FILE = episode8Tests/Info.plist;
				LD_RUNPATH_SEARCH_PATHS = "$(inherited) @executable_path/Frameworks @loader_path/Frameworks";
				PRODUCT_BUNDLE_IDENTIFIER = sample.episode8Tests;
				PRODUCT_NAME = "$(TARGET_NAME)";
				TEST_HOST = "$(BUILT_PRODUCTS_DIR)/episode8.app/episode8";
			};
			name = Release;
		};
		18388E431CEA778E003BDFB2 /* Debug */ = {
			isa = XCBuildConfiguration;
			buildSettings = {
				INFOPLIST_FILE = episode8UITests/Info.plist;
				LD_RUNPATH_SEARCH_PATHS = "$(inherited) @executable_path/Frameworks @loader_path/Frameworks";
				PRODUCT_BUNDLE_IDENTIFIER = sample.episode8UITests;
				PRODUCT_NAME = "$(TARGET_NAME)";
				TEST_TARGET_NAME = episode8;
			};
			name = Debug;
		};
		18388E441CEA778E003BDFB2 /* Release */ = {
			isa = XCBuildConfiguration;
			buildSettings = {
				INFOPLIST_FILE = episode8UITests/Info.plist;
				LD_RUNPATH_SEARCH_PATHS = "$(inherited) @executable_path/Frameworks @loader_path/Frameworks";
				PRODUCT_BUNDLE_IDENTIFIER = sample.episode8UITests;
				PRODUCT_NAME = "$(TARGET_NAME)";
				TEST_TARGET_NAME = episode8;
			};
			name = Release;
		};
/* End XCBuildConfiguration section */

/* Begin XCConfigurationList section */
		18388E0C1CEA778D003BDFB2 /* Build configuration list for PBXProject "episode8" */ = {
			isa = XCConfigurationList;
			buildConfigurations = (
				18388E3A1CEA778E003BDFB2 /* Debug */,
				18388E3B1CEA778E003BDFB2 /* Release */,
			);
			defaultConfigurationIsVisible = 0;
			defaultConfigurationName = Release;
		};
		18388E3C1CEA778E003BDFB2 /* Build configuration list for PBXNativeTarget "episode8" */ = {
			isa = XCConfigurationList;
			buildConfigurations = (
				18388E3D1CEA778E003BDFB2 /* Debug */,
				18388E3E1CEA778E003BDFB2 /* Release */,
			);
			defaultConfigurationIsVisible = 0;
		};
		18388E3F1CEA778E003BDFB2 /* Build configuration list for PBXNativeTarget "episode8Tests" */ = {
			isa = XCConfigurationList;
			buildConfigurations = (
				18388E401CEA778E003BDFB2 /* Debug */,
				18388E411CEA778E003BDFB2 /* Release */,
			);
			defaultConfigurationIsVisible = 0;
		};
		18388E421CEA778E003BDFB2 /* Build configuration list for PBXNativeTarget "episode8UITests" */ = {
			isa = XCConfigurationList;
			buildConfigurations = (
				18388E431CEA778E003BDFB2 /* Debug */,
				18388E441CEA778E003BDFB2 /* Release */,
			);
			defaultConfigurationIsVisible = 0;
		};
/* End XCConfigurationList section */

/* Begin XCVersionGroup section */
		18388E1B1CEA778D003BDFB2 /* episode8.xcdatamodeld */ = {
			isa = XCVersionGroup;
			children = (
				18388E1C1CEA778D003BDFB2 /* episode8.xcdatamodel */,
			);
			currentVersion = 18388E1C1CEA778D003BDFB2 /* episode8.xcdatamodel */;
			path = episode8.xcdatamodeld;
			sourceTree = "<group>";
			versionGroupType = wrapper.xcdatamodel;
		};
/* End XCVersionGroup section */
	};
	rootObject = 18388E091CEA778D003BDFB2 /* Project object */;
}
